
Microsoft Visual Studio Solution File, Format Version 12.00
# Visual Studio Version 16
VisualStudioVersion = 16.0.30804.86
MinimumVisualStudioVersion = 10.0.40219.1
Project("{9A19103F-16F7-4668-BE54-9A1E7A4F7556}") = "OdeToFood", "OdeToFood.csproj", "{93AEA51C-63B5-4B33-ACA0-750B37D14EEE}"
EndProject
Project("{9A19103F-16F7-4668-BE54-9A1E7A4F7556}") = "OdeToFood.Core", "..\OdeToFood.Core\OdeToFood.Core.csproj", "{33CD246C-3D15-47F8-8B88-55A79236236F}"
EndProject
Project("{9A19103F-16F7-4668-BE54-9A1E7A4F7556}") = "OdeToFood.Data", "..\OdeToFood.Data\OdeToFood.Data.csproj", "{8F48D6D1-9DA8-4866-A1C8-AB3D1A0CA753}"
EndProject
Global
	GlobalSection(SolutionConfigurationPlatforms) = preSolution
		Debug|Any CPU = Debug|Any CPU
		Release|Any CPU = Release|Any CPU
	EndGlobalSection
	GlobalSection(ProjectConfigurationPlatforms) = postSolution
		{93AEA51C-63B5-4B33-ACA0-750B37D14EEE}.Debug|Any CPU.ActiveCfg = Debug|Any CPU
		{93AEA51C-63B5-4B33-ACA0-750B37D14EEE}.Debug|Any CPU.Build.0 = Debug|Any CPU
		{93AEA51C-63B5-4B33-ACA0-750B37D14EEE}.Release|Any CPU.ActiveCfg = Release|Any CPU
		{93AEA51C-63B5-4B33-ACA0-750B37D14EEE}.Release|Any CPU.Build.0 = Release|Any CPU
		{33CD246C-3D15-47F8-8B88-55A79236236F}.Debug|Any CPU.ActiveCfg = Debug|Any CPU
		{33CD246C-3D15-47F8-8B88-55A79236236F}.Debug|Any CPU.Build.0 = Debug|Any CPU
		{33CD246C-3D15-47F8-8B88-55A79236236F}.Release|Any CPU.ActiveCfg = Release|Any CPU
		{33CD246C-3D15-47F8-8B88-55A79236236F}.Release|Any CPU.Build.0 = Release|Any CPU
		{8F48D6D1-9DA8-4866-A1C8-AB3D1A0CA753}.Debug|Any CPU.ActiveCfg = Debug|Any CPU
		{8F48D6D1-9DA8-4866-A1C8-AB3D1A0CA753}.Debug|Any CPU.Build.0 = Debug|Any CPU
		{8F48D6D1-9DA8-4866-A1C8-AB3D1A0CA753}.Release|Any CPU.ActiveCfg = Release|Any CPU
		{8F48D6D1-9DA8-4866-A1C8-AB3D1A0CA753}.Release|Any CPU.Build.0 = Release|Any CPU
	EndGlobalSection
	GlobalSection(SolutionProperties) = preSolution
		HideSolutionNode = FALSE
	EndGlobalSection
	GlobalSection(ExtensibilityGlobals) = postSolution
		SolutionGuid = {29F21456-D803-435D-AE80-3ECE476D7B98}
	EndGlobalSection
EndGlobal
